
Microsoft Visual Studio Solution File, Format Version 12.00
# Visual Studio Version 17
VisualStudioVersion = 17.9.34616.47
MinimumVisualStudioVersion = 10.0.40219.1
Project("{8BC9CEB8-8B4A-11D0-8D11-00A0C91BC942}") = "CodeTest3", "CodeTest3.vcxproj", "{B7DDA9C9-9EA6-446D-BD78-0C4211C20961}"
EndProject
Global
	GlobalSection(SolutionConfigurationPlatforms) = preSolution
		Debug|x64 = Debug|x64
		Debug|x86 = Debug|x86
		Release|x64 = Release|x64
		Release|x86 = Release|x86
	EndGlobalSection
	GlobalSection(ProjectConfigurationPlatforms) = postSolution
		{B7DDA9C9-9EA6-446D-BD78-0C4211C20961}.Debug|x64.ActiveCfg = Debug|x64
		{B7DDA9C9-9EA6-446D-BD78-0C4211C20961}.Debug|x64.Build.0 = Debug|x64
		{B7DDA9C9-9EA6-446D-BD78-0C4211C20961}.Debug|x86.ActiveCfg = Debug|Win32
		{B7DDA9C9-9EA6-446D-BD78-0C4211C20961}.Debug|x86.Build.0 = Debug|Win32
		{B7DDA9C9-9EA6-446D-BD78-0C4211C20961}.Release|x64.ActiveCfg = Release|x64
		{B7DDA9C9-9EA6-446D-BD78-0C4211C20961}.Release|x64.Build.0 = Release|x64
		{B7DDA9C9-9EA6-446D-BD78-0C4211C20961}.Release|x86.ActiveCfg = Release|Win32
		{B7DDA9C9-9EA6-446D-BD78-0C4211C20961}.Release|x86.Build.0 = Release|Win32
	EndGlobalSection
	GlobalSection(SolutionProperties) = preSolution
		HideSolutionNode = FALSE
	EndGlobalSection
	GlobalSection(ExtensibilityGlobals) = postSolution
		SolutionGuid = {29E246EA-473B-4C82-AA57-126B4C410E81}
	EndGlobalSection
EndGlobal
